
Microsoft Visual Studio Solution File, Format Version 12.00
# Visual Studio Version 17
VisualStudioVersion = 17.4.33213.308
MinimumVisualStudioVersion = 10.0.40219.1
Project("{FAE04EC0-301F-11D3-BF4B-00C04F79EFBC}") = "ListOfMembersInGame", "ListOfMembersInGame\ListOfMembersInGame.csproj", "{CC8F71E4-2FCB-4033-A622-0E73AD534E9D}"
EndProject
Global
	GlobalSection(SolutionConfigurationPlatforms) = preSolution
		Debug|Any CPU = Debug|Any CPU
		Release|Any CPU = Release|Any CPU
	EndGlobalSection
	GlobalSection(ProjectConfigurationPlatforms) = postSolution
		{CC8F71E4-2FCB-4033-A622-0E73AD534E9D}.Debug|Any CPU.ActiveCfg = Debug|Any CPU
		{CC8F71E4-2FCB-4033-A622-0E73AD534E9D}.Debug|Any CPU.Build.0 = Debug|Any CPU
		{CC8F71E4-2FCB-4033-A622-0E73AD534E9D}.Release|Any CPU.ActiveCfg = Release|Any CPU
		{CC8F71E4-2FCB-4033-A622-0E73AD534E9D}.Release|Any CPU.Build.0 = Release|Any CPU
	EndGlobalSection
	GlobalSection(SolutionProperties) = preSolution
		HideSolutionNode = FALSE
	EndGlobalSection
	GlobalSection(ExtensibilityGlobals) = postSolution
		SolutionGuid = {14A28D14-3FEE-41D1-8BFA-64E51E86A303}
	EndGlobalSection
EndGlobal
